// !$*UTF8*$!
{
	archiveVersion = 1;
	classes = {
	};
	objectVersion = 46;
	objects = {

/* Begin PBXBuildFile section */
		8FE778361B83F09500498B06 /* AppDelegate.swift in Sources */ = {isa = PBXBuildFile; fileRef = 8FE778351B83F09500498B06 /* AppDelegate.swift */; };
		8FE778381B83F09500498B06 /* ViewController.swift in Sources */ = {isa = PBXBuildFile; fileRef = 8FE778371B83F09500498B06 /* ViewController.swift */; };
		8FE7783B1B83F09500498B06 /* Main.storyboard in Resources */ = {isa = PBXBuildFile; fileRef = 8FE778391B83F09500498B06 /* Main.storyboard */; };
		8FE7783D1B83F09500498B06 /* Assets.xcassets in Resources */ = {isa = PBXBuildFile; fileRef = 8FE7783C1B83F09500498B06 /* Assets.xcassets */; };
		8FE778401B83F09500498B06 /* LaunchScreen.storyboard in Resources */ = {isa = PBXBuildFile; fileRef = 8FE7783E1B83F09500498B06 /* LaunchScreen.storyboard */; };
/* End PBXBuildFile section */

/* Begin PBXFileReference section */
		8FE778321B83F09500498B06 /* Swipe Gesture.app */ = {isa = PBXFileReference; explicitFileType = wrapper.application; includeInIndex = 0; path = "Swipe Gesture.app"; sourceTree = BUILT_PRODUCTS_DIR; };
		8FE778351B83F09500498B06 /* AppDelegate.swift */ = {isa = PBXFileReference; lastKnownFileType = sourcecode.swift; path = AppDelegate.swift; sourceTree = "<group>"; };
		8FE778371B83F09500498B06 /* ViewController.swift */ = {isa = PBXFileReference; lastKnownFileType = sourcecode.swift; path = ViewController.swift; sourceTree = "<group>"; };
		8FE7783A1B83F09500498B06 /* Base */ = {isa = PBXFileReference; lastKnownFileType = file.storyboard; name = Base; path = Base.lproj/Main.storyboard; sourceTree = "<group>"; };
		8FE7783C1B83F09500498B06 /* Assets.xcassets */ = {isa = PBXFileReference; lastKnownFileType = folder.assetcatalog; path = Assets.xcassets; sourceTree = "<group>"; };
		8FE7783F1B83F09500498B06 /* Base */ = {isa = PBXFileReference; lastKnownFileType = file.storyboard; name = Base; path = Base.lproj/LaunchScreen.storyboard; sourceTree = "<group>"; };
		8FE778411B83F09500498B06 /* Info.plist */ = {isa = PBXFileReference; lastKnownFileType = text.plist.xml; path = Info.plist; sourceTree = "<group>"; };
/* End PBXFileReference section */

/* Begin PBXFrameworksBuildPhase section */
		8FE7782F1B83F09500498B06 /* Frameworks */ = {
			isa = PBXFrameworksBuildPhase;
			buildActionMask = 2147483647;
			files = (
			);
			runOnlyForDeploymentPostprocessing = 0;
		};
/* End PBXFrameworksBuildPhase section */

/* Begin PBXGroup section */
		8FE778291B83F09500498B06 = {
			isa = PBXGroup;
			children = (
				8FE778341B83F09500498B06 /* Swipe Gesture */,
				8FE778331B83F09500498B06 /* Products */,
			);
			sourceTree = "<group>";
		};
		8FE778331B83F09500498B06 /* Products */ = {
			isa = PBXGroup;
			children = (
				8FE778321B83F09500498B06 /* Swipe Gesture.app */,
			);
			name = Products;
			sourceTree = "<group>";
		};
		8FE778341B83F09500498B06 /* Swipe Gesture */ = {
			isa = PBXGroup;
			children = (
				8FE778351B83F09500498B06 /* AppDelegate.swift */,
				8FE778371B83F09500498B06 /* ViewController.swift */,
				8FE778391B83F09500498B06 /* Main.storyboard */,
				8FE7783C1B83F09500498B06 /* Assets.xcassets */,
				8FE7783E1B83F09500498B06 /* LaunchScreen.storyboard */,
				8FE778411B83F09500498B06 /* Info.plist */,
			);
			path = "Swipe Gesture";
			sourceTree = "<group>";
		};
/* End PBXGroup section */

/* Begin PBXNativeTarget section */
		8FE778311B83F09500498B06 /* Swipe Gesture */ = {
			isa = PBXNativeTarget;
			buildConfigurationList = 8FE778441B83F09500498B06 /* Build configuration list for PBXNativeTarget "Swipe Gesture" */;
			buildPhases = (
				8FE7782E1B83F09500498B06 /* Sources */,
				8FE7782F1B83F09500498B06 /* Frameworks */,
				8FE778301B83F09500498B06 /* Resources */,
			);
			buildRules = (
			);
			dependencies = (
			);
			name = "Swipe Gesture";
			productName = "Swipe Gesture";
			productReference = 8FE778321B83F09500498B06 /* Swipe Gesture.app */;
			productType = "com.apple.product-type.application";
		};
/* End PBXNativeTarget section */

/* Begin PBXProject section */
		8FE7782A1B83F09500498B06 /* Project object */ = {
			isa = PBXProject;
			attributes = {
				LastUpgradeCheck = 0700;
				ORGANIZATIONNAME = "Brad Gray";
				TargetAttributes = {
					8FE778311B83F09500498B06 = {
						CreatedOnToolsVersion = 7.0;
					};
				};
			};
			buildConfigurationList = 8FE7782D1B83F09500498B06 /* Build configuration list for PBXProject "Swipe Gesture" */;
			compatibilityVersion = "Xcode 3.2";
			developmentRegion = English;
			hasScannedForEncodings = 0;
			knownRegions = (
				en,
				Base,
			);
			mainGroup = 8FE778291B83F09500498B06;
			productRefGroup = 8FE778331B83F09500498B06 /* Products */;
			projectDirPath = "";
			projectRoot = "";
			targets = (
				8FE778311B83F09500498B06 /* Swipe Gesture */,
			);
		};
/* End PBXProject section */

/* Begin PBXResourcesBuildPhase section */
		8FE778301B83F09500498B06 /* Resources */ = {
			isa = PBXResourcesBuildPhase;
			buildActionMask = 2147483647;
			files = (
				8FE778401B83F09500498B06 /* LaunchScreen.storyboard in Resources */,
				8FE7783D1B83F09500498B06 /* Assets.xcassets in Resources */,
				8FE7783B1B83F09500498B06 /* Main.storyboard in Resources */,
			);
			runOnlyForDeploymentPostprocessing = 0;
		};
/* End PBXResourcesBuildPhase section */

/* Begin PBXSourcesBuildPhase section */
		8FE7782E1B83F09500498B06 /* Sources */ = {
			isa = PBXSourcesBuildPhase;
			buildActionMask = 2147483647;
			files = (
				8FE778381B83F09500498B06 /* ViewController.swift in Sources */,
				8FE778361B83F09500498B06 /* AppDelegate.swift in Sources */,
			);
			runOnlyForDeploymentPostprocessing = 0;
		};
/* End PBXSourcesBuildPhase section */

/* Begin PBXVariantGroup section */
		8FE778391B83F09500498B06 /* Main.storyboard */ = {
			isa = PBXVariantGroup;
			children = (
				8FE7783A1B83F09500498B06 /* Base */,
			);
			name = Main.storyboard;
			sourceTree = "<group>";
		};
		8FE7783E1B83F09500498B06 /* LaunchScreen.storyboard */ = {
			isa = PBXVariantGroup;
			children = (
				8FE7783F1B83F09500498B06 /* Base */,
			);
			name = LaunchScreen.storyboard;
			sourceTree = "<group>";
		};
/* End PBXVariantGroup section */

/* Begin XCBuildConfiguration section */
		8FE778421B83F09500498B06 /* Debug */ = {
			isa = XCBuildConfiguration;
			buildSettings = {
				ALWAYS_SEARCH_USER_PATHS = NO;
				CLANG_CXX_LANGUAGE_STANDARD = "gnu++0x";
				CLANG_CXX_LIBRARY = "libc++";
				CLANG_ENABLE_MODULES = YES;
				CLANG_ENABLE_OBJC_ARC = YES;
				CLANG_WARN_BOOL_CONVERSION = YES;
				CLANG_WARN_CONSTANT_CONVERSION = YES;
				CLANG_WARN_DIRECT_OBJC_ISA_USAGE = YES_ERROR;
				CLANG_WARN_EMPTY_BODY = YES;
				CLANG_WARN_ENUM_CONVERSION = YES;
				CLANG_WARN_INT_CONVERSION = YES;
				CLANG_WARN_OBJC_ROOT_CLASS = YES_ERROR;
				CLANG_WARN_UNREACHABLE_CODE = YES;
				CLANG_WARN__DUPLICATE_METHOD_MATCH = YES;
				"CODE_SIGN_IDENTITY[sdk=iphoneos*]" = "iPhone Developer";
				COPY_PHASE_STRIP = NO;
				DEBUG_INFORMATION_FORMAT = dwarf;
				ENABLE_STRICT_OBJC_MSGSEND = YES;
				ENABLE_TESTABILITY = YES;
				GCC_C_LANGUAGE_STANDARD = gnu99;
				GCC_DYNAMIC_NO_PIC = NO;
				GCC_NO_COMMON_BLOCKS = YES;
				GCC_OPTIMIZATION_LEVEL = 0;
				GCC_PREPROCESSOR_DEFINITIONS = (
					"DEBUG=1",
					"$(inherited)",
				);
				GCC_WARN_64_TO_32_BIT_CONVERSION = YES;
				GCC_WARN_ABOUT_RETURN_TYPE = YES_ERROR;
				GCC_WARN_UNDECLARED_SELECTOR = YES;
				GCC_WARN_UNINITIALIZED_AUTOS = YES_AGGRESSIVE;
				GCC_WARN_UNUSED_FUNCTION = YES;
				GCC_WARN_UNUSED_VARIABLE = YES;
				IPHONEOS_DEPLOYMENT_TARGET = 9.0;
				MTL_ENABLE_DEBUG_INFO = YES;
				ONLY_ACTIVE_ARCH = YES;
				SDKROOT = iphoneos;
				SWIFT_OPTIMIZATION_LEVEL = "-Onone";
				TARGETED_DEVICE_FAMILY = "1,2";
			};
			name = Debug;
		};
		8FE778431B83F09500498B06 /* Release */ = {
			isa = XCBuildConfiguration;
			buildSettings = {
				ALWAYS_SEARCH_USER_PATHS = NO;
				CLANG_CXX_LANGUAGE_STANDARD = "gnu++0x";
				CLANG_CXX_LIBRARY = "libc++";
				CLANG_ENABLE_MODULES = YES;
				CLANG_ENABLE_OBJC_ARC = YES;
				CLANG_WARN_BOOL_CONVERSION = YES;
				CLANG_WARN_CONSTANT_CONVERSION = YES;
				CLANG_WARN_DIRECT_OBJC_ISA_USAGE = YES_ERROR;
				CLANG_WARN_EMPTY_BODY = YES;
				CLANG_WARN_ENUM_CONVERSION = YES;
				CLANG_WARN_INT_CONVERSION = YES;
				CLANG_WARN_OBJC_ROOT_CLASS = YES_ERROR;
				CLANG_WARN_UNREACHABLE_CODE = YES;
				CLANG_WARN__DUPLICATE_METHOD_MATCH = YES;
				"CODE_SIGN_IDENTITY[sdk=iphoneos*]" = "iPhone Developer";
				COPY_PHASE_STRIP = NO;
				DEBUG_INFORMATION_FORMAT = "dwarf-with-dsym";
				ENABLE_NS_ASSERTIONS = NO;
				ENABLE_STRICT_OBJC_MSGSEND = YES;
				GCC_C_LANGUAGE_STANDARD = gnu99;
				GCC_NO_COMMON_BLOCKS = YES;
				GCC_WARN_64_TO_32_BIT_CONVERSION = YES;
				GCC_WARN_ABOUT_RETURN_TYPE = YES_ERROR;
				GCC_WARN_UNDECLARED_SELECTOR = YES;
				GCC_WARN_UNINITIALIZED_AUTOS = YES_AGGRESSIVE;
				GCC_WARN_UNUSED_FUNCTION = YES;
				GCC_WARN_UNUSED_VARIABLE = YES;
				IPHONEOS_DEPLOYMENT_TARGET = 9.0;
				MTL_ENABLE_DEBUG_INFO = NO;
				SDKROOT = iphoneos;
				TARGETED_DEVICE_FAMILY = "1,2";
				VALIDATE_PRODUCT = YES;
			};
			name = Release;
		};
		8FE778451B83F09500498B06 /* Debug */ = {
			isa = XCBuildConfiguration;
			buildSettings = {
				ASSETCATALOG_COMPILER_APPICON_NAME = AppIcon;
				INFOPLIST_FILE = "Swipe Gesture/Info.plist";
				LD_RUNPATH_SEARCH_PATHS = "$(inherited) @executable_path/Frameworks";
				PRODUCT_BUNDLE_IDENTIFIER = "Tronsky.Swipe-Gesture";
				PRODUCT_NAME = "$(TARGET_NAME)";
			};
			name = Debug;
		};
		8FE778461B83F09500498B06 /* Release */ = {
			isa = XCBuildConfiguration;
			buildSettings = {
				ASSETCATALOG_COMPILER_APPICON_NAME = AppIcon;
				INFOPLIST_FILE = "Swipe Gesture/Info.plist";
				LD_RUNPATH_SEARCH_PATHS = "$(inherited) @executable_path/Frameworks";
				PRODUCT_BUNDLE_IDENTIFIER = "Tronsky.Swipe-Gesture";
				PRODUCT_NAME = "$(TARGET_NAME)";
			};
			name = Release;
		};
/* End XCBuildConfiguration section */

/* Begin XCConfigurationList section */
		8FE7782D1B83F09500498B06 /* Build configuration list for PBXProject "Swipe Gesture" */ = {
			isa = XCConfigurationList;
			buildConfigurations = (
				8FE778421B83F09500498B06 /* Debug */,
				8FE778431B83F09500498B06 /* Release */,
			);
			defaultConfigurationIsVisible = 0;
			defaultConfigurationName = Release;
		};
		8FE778441B83F09500498B06 /* Build configuration list for PBXNativeTarget "Swipe Gesture" */ = {
			isa = XCConfigurationList;
			buildConfigurations = (
				8FE778451B83F09500498B06 /* Debug */,
				8FE778461B83F09500498B06 /* Release */,
			);
			defaultConfigurationIsVisible = 0;
		};
/* End XCConfigurationList section */
	};
	rootObject = 8FE7782A1B83F09500498B06 /* Project object */;
}
